{
  "name": "fantasy-bracket-node-webservice",
  "requires": true,
  "lockfileVersion": 1,
  "dependencies": {
    "accepts": {
      "version": "1.0.0",
      "resolved": "https://ci.dts.utah.gov/artifactory/api/npm/dts-npm/accepts/-/accepts-1.0.0.tgz",
      "integrity": "sha1-NgTHZVhsO5z3h3tpN829RYf5R9w=",
      "requires": {
        "mime": "1.2.11",
        "negotiator": "0.3.0"
      }
    },
    "bignumber.js": {
      "version": "4.0.4",
      "resolved": "https://ci.dts.utah.gov/artifactory/api/npm/dts-npm/bignumber.js/-/bignumber.js-4.0.4.tgz",
      "integrity": "sha1-fED1q80tZiOre5loLufbgbEYiaQ="
    },
    "body-parser": {
      "version": "1.0.2",
      "resolved": "https://ci.dts.utah.gov/artifactory/api/npm/dts-npm/body-parser/-/body-parser-1.0.2.tgz",
      "integrity": "sha1-NGFHmjJ4/gD8rr7DMUu1T8T3tHw=",
      "requires": {
        "qs": "0.6.6",
        "raw-body": "1.1.7",
        "type-is": "1.1.0"
      }
    },
    "bson": {
      "version": "1.0.4",
      "resolved": "https://ci.dts.utah.gov/artifactory/api/npm/dts-npm/bson/-/bson-1.0.4.tgz",
      "integrity": "sha1-k8ENOeqltYQVy8QFLz5T5WKwtyw="
    },
    "buffer-crc32": {
      "version": "0.2.1",
      "resolved": "https://ci.dts.utah.gov/artifactory/api/npm/dts-npm/buffer-crc32/-/buffer-crc32-0.2.1.tgz",
      "integrity": "sha1-vj5TgvwCttYySVasGvmKqYsIU0w="
    },
    "buffer-shims": {
      "version": "1.0.0",
      "resolved": "https://ci.dts.utah.gov/artifactory/api/npm/dts-npm/buffer-shims/-/buffer-shims-1.0.0.tgz",
      "integrity": "sha1-mXjOMXOIxkmth5MCjDR37wRKi1E="
    },
    "bytes": {
      "version": "1.0.0",
      "resolved": "https://ci.dts.utah.gov/artifactory/api/npm/dts-npm/bytes/-/bytes-1.0.0.tgz",
      "integrity": "sha1-NWnt6Lo0MV+rmcPpLLBMciDeH6g="
    },
    "camelize": {
      "version": "1.0.0",
      "resolved": "https://ci.dts.utah.gov/artifactory/api/npm/dts-npm/camelize/-/camelize-1.0.0.tgz",
      "integrity": "sha1-FkpUg+Yw+kMh5a8HAg5TGDGyYJs="
    },
    "clone": {
      "version": "2.1.1",
      "resolved": "https://ci.dts.utah.gov/artifactory/api/npm/dts-npm/clone/-/clone-2.1.1.tgz",
      "integrity": "sha1-0hfR6WERjjrJpLi7oyhVU79kfNs="
    },
    "content-security-policy-builder": {
      "version": "1.1.0",
      "resolved": "https://ci.dts.utah.gov/artifactory/api/npm/dts-npm/content-security-policy-builder/-/content-security-policy-builder-1.1.0.tgz",
      "integrity": "sha1-2R8bB2I2wRmFDH3umSS/VeBXcrM=",
      "requires": {
        "dashify": "0.2.2"
      }
    },
    "cookie": {
      "version": "0.1.0",
      "resolved": "https://ci.dts.utah.gov/artifactory/api/npm/dts-npm/cookie/-/cookie-0.1.0.tgz",
      "integrity": "sha1-kOtGndzpBchm3mh+/EMTHYgB+dA="
    },
    "cookie-parser": {
      "version": "1.4.3",
      "resolved": "https://ci.dts.utah.gov/artifactory/api/npm/dts-npm/cookie-parser/-/cookie-parser-1.4.3.tgz",
      "integrity": "sha1-D+MfoZ0AC5X0qt8fU/3CuKIDuqU=",
      "requires": {
        "cookie": "0.3.1",
        "cookie-signature": "1.0.6"
      },
      "dependencies": {
        "cookie": {
          "version": "0.3.1",
          "resolved": "https://ci.dts.utah.gov/artifactory/api/npm/dts-npm/cookie/-/cookie-0.3.1.tgz",
          "integrity": "sha1-5+Ch+e9DtMi6klxcWpboBtFoc7s="
        },
        "cookie-signature": {
          "version": "1.0.6",
          "resolved": "https://ci.dts.utah.gov/artifactory/api/npm/dts-npm/cookie-signature/-/cookie-signature-1.0.6.tgz",
          "integrity": "sha1-4wOogrNCzD7oylE6eZmXNNqzriw="
        }
      }
    },
    "cookie-signature": {
      "version": "1.0.3",
      "resolved": "https://ci.dts.utah.gov/artifactory/api/npm/dts-npm/cookie-signature/-/cookie-signature-1.0.3.tgz",
      "integrity": "sha1-kc2ZfMUftkFZVzjGnNoCAyj1D/k="
    },
    "core-util-is": {
      "version": "1.0.2",
      "resolved": "https://ci.dts.utah.gov/artifactory/api/npm/dts-npm/core-util-is/-/core-util-is-1.0.2.tgz",
      "integrity": "sha1-tf1UIgqivFq1eqtxQMlAdUUDwac="
    },
    "cors": {
      "version": "2.8.4",
      "resolved": "https://ci.dts.utah.gov/artifactory/api/npm/dts-npm/cors/-/cors-2.8.4.tgz",
      "integrity": "sha1-K9OB8usgECAQXNUOpZ2mMJBpRoY=",
      "requires": {
        "object-assign": "4.1.1",
        "vary": "1.1.2"
      }
    },
    "crc": {
      "version": "3.4.4",
      "resolved": "https://ci.dts.utah.gov/artifactory/api/npm/dts-npm/crc/-/crc-3.4.4.tgz",
      "integrity": "sha1-naHpgOO9RPxck79as9ozeNheRms="
    },
    "dasherize": {
      "version": "2.0.0",
      "resolved": "https://ci.dts.utah.gov/artifactory/api/npm/dts-npm/dasherize/-/dasherize-2.0.0.tgz",
      "integrity": "sha1-bYCcnNDPe7iVLYD8hPoT1H3bEwg="
    },
    "dashify": {
      "version": "0.2.2",
      "resolved": "https://ci.dts.utah.gov/artifactory/api/npm/dts-npm/dashify/-/dashify-0.2.2.tgz",
      "integrity": "sha1-agdBWgHJH69KMuONnfunH2HLIP4="
    },
    "debug": {
      "version": "0.8.1",
      "resolved": "https://ci.dts.utah.gov/artifactory/api/npm/dts-npm/debug/-/debug-0.8.1.tgz",
      "integrity": "sha1-IP9NJvXkIstoobrLu2EDmtjBwTA="
    },
    "depd": {
      "version": "1.1.1",
      "resolved": "https://ci.dts.utah.gov/artifactory/api/npm/dts-npm/depd/-/depd-1.1.1.tgz",
      "integrity": "sha1-V4O04cRZ8G+lyif5kfPQbnoxA1k="
    },
    "dns-prefetch-control": {
      "version": "0.1.0",
      "resolved": "https://ci.dts.utah.gov/artifactory/api/npm/dts-npm/dns-prefetch-control/-/dns-prefetch-control-0.1.0.tgz",
      "integrity": "sha1-YN20V3dOF48flBXwyrsOhbCzALI="
    },
    "dont-sniff-mimetype": {
      "version": "1.0.0",
      "resolved": "https://ci.dts.utah.gov/artifactory/api/npm/dts-npm/dont-sniff-mimetype/-/dont-sniff-mimetype-1.0.0.tgz",
      "integrity": "sha1-WTKJDcn04vGeXrAqIAJuXl78j1g="
    },
    "es6-promise": {
      "version": "3.2.1",
      "resolved": "https://ci.dts.utah.gov/artifactory/api/npm/dts-npm/es6-promise/-/es6-promise-3.2.1.tgz",
      "integrity": "sha1-7FYjOGgDKQkgcXDDlEjiREndH8Q="
    },
    "escape-html": {
      "version": "1.0.1",
      "resolved": "https://ci.dts.utah.gov/artifactory/api/npm/dts-npm/escape-html/-/escape-html-1.0.1.tgz",
      "integrity": "sha1-GBoobq05ejmpKFfPsdQwUuNWv/A="
    },
    "expect-ct": {
      "version": "0.1.0",
      "resolved": "https://ci.dts.utah.gov/artifactory/api/npm/dts-npm/expect-ct/-/expect-ct-0.1.0.tgz",
      "integrity": "sha1-UnNWeN4YUwiQ2Ne5XwrGNkCVgJQ="
    },
    "express": {
      "version": "4.0.0",
      "resolved": "https://ci.dts.utah.gov/artifactory/api/npm/dts-npm/express/-/express-4.0.0.tgz",
      "integrity": "sha1-J03IKTPJ9XTMOKDOXqgXK+nGsJQ=",
      "requires": {
        "accepts": "1.0.0",
        "buffer-crc32": "0.2.1",
        "cookie": "0.1.0",
        "cookie-signature": "1.0.3",
        "debug": "0.8.1",
        "escape-html": "1.0.1",
        "fresh": "0.2.2",
        "merge-descriptors": "0.0.2",
        "methods": "0.1.0",
        "parseurl": "1.0.1",
        "path-to-regexp": "0.1.2",
        "qs": "0.6.6",
        "range-parser": "1.0.0",
        "send": "0.2.0",
        "serve-static": "1.0.1",
        "type-is": "1.0.0",
        "utils-merge": "1.0.0"
      },
      "dependencies": {
        "type-is": {
          "version": "1.0.0",
          "resolved": "https://ci.dts.utah.gov/artifactory/api/npm/dts-npm/type-is/-/type-is-1.0.0.tgz",
          "integrity": "sha1-T/Qk6XNJoe4ZELS/xIhZXs3EQ/w=",
          "requires": {
            "mime": "1.2.11"
          }
        }
      }
    },
    "express-session": {
      "version": "1.15.6",
      "resolved": "https://ci.dts.utah.gov/artifactory/api/npm/dts-npm/express-session/-/express-session-1.15.6.tgz",
      "integrity": "sha1-R7QWDIj0KrcP6KUI4xy/92dXqwo=",
      "requires": {
        "cookie": "0.3.1",
        "cookie-signature": "1.0.6",
        "crc": "3.4.4",
        "debug": "2.6.9",
        "depd": "1.1.1",
        "on-headers": "1.0.1",
        "parseurl": "1.3.2",
        "uid-safe": "2.1.5",
        "utils-merge": "1.0.1"
      },
      "dependencies": {
        "cookie": {
          "version": "0.3.1",
          "resolved": "https://ci.dts.utah.gov/artifactory/api/npm/dts-npm/cookie/-/cookie-0.3.1.tgz",
          "integrity": "sha1-5+Ch+e9DtMi6klxcWpboBtFoc7s="
        },
        "cookie-signature": {
          "version": "1.0.6",
          "resolved": "https://ci.dts.utah.gov/artifactory/api/npm/dts-npm/cookie-signature/-/cookie-signature-1.0.6.tgz",
          "integrity": "sha1-4wOogrNCzD7oylE6eZmXNNqzriw="
        },
        "debug": {
          "version": "2.6.9",
          "resolved": "https://ci.dts.utah.gov/artifactory/api/npm/dts-npm/debug/-/debug-2.6.9.tgz",
          "integrity": "sha1-XRKFFd8TT/Mn6QpMk/Tgd6U2NB8=",
          "requires": {
            "ms": "2.0.0"
          }
        },
        "parseurl": {
          "version": "1.3.2",
          "resolved": "https://ci.dts.utah.gov/artifactory/api/npm/dts-npm/parseurl/-/parseurl-1.3.2.tgz",
          "integrity": "sha1-/CidTtiZMRlGDBViUyYs3I3mW/M="
        },
        "utils-merge": {
          "version": "1.0.1",
          "resolved": "https://ci.dts.utah.gov/artifactory/api/npm/dts-npm/utils-merge/-/utils-merge-1.0.1.tgz",
          "integrity": "sha1-n5VxD1CiZ5R7LMwSR0HBAoQn5xM="
        }
      }
    },
    "frameguard": {
      "version": "3.0.0",
      "resolved": "https://ci.dts.utah.gov/artifactory/api/npm/dts-npm/frameguard/-/frameguard-3.0.0.tgz",
      "integrity": "sha1-e8rUae57lukdEs6zlZx4I1qScuk="
    },
    "fresh": {
      "version": "0.2.2",
      "resolved": "https://ci.dts.utah.gov/artifactory/api/npm/dts-npm/fresh/-/fresh-0.2.2.tgz",
      "integrity": "sha1-lzHc9WeMf660T7kDxPct9VGH+nc="
    },
    "guid": {
      "version": "0.0.12",
      "resolved": "https://ci.dts.utah.gov/artifactory/api/npm/dts-npm/guid/-/guid-0.0.12.tgz",
      "integrity": "sha1-kTfFKxhffeEkkLm+vMFmC5Al/gw="
    },
    "helmet": {
      "version": "3.9.0",
      "resolved": "https://ci.dts.utah.gov/artifactory/api/npm/dts-npm/helmet/-/helmet-3.9.0.tgz",
      "integrity": "sha1-eyzwFaLRCbyoPt55JEIHmcDmfe4=",
      "requires": {
        "dns-prefetch-control": "0.1.0",
        "dont-sniff-mimetype": "1.0.0",
        "expect-ct": "0.1.0",
        "frameguard": "3.0.0",
        "helmet-csp": "2.6.0",
        "hide-powered-by": "1.0.0",
        "hpkp": "2.0.0",
        "hsts": "2.1.0",
        "ienoopen": "1.0.0",
        "nocache": "2.0.0",
        "referrer-policy": "1.1.0",
        "x-xss-protection": "1.0.0"
      }
    },
    "helmet-csp": {
      "version": "2.6.0",
      "resolved": "https://ci.dts.utah.gov/artifactory/api/npm/dts-npm/helmet-csp/-/helmet-csp-2.6.0.tgz",
      "integrity": "sha1-wfVZWvvF+D5fHmwV+ELwehD26gQ=",
      "requires": {
        "camelize": "1.0.0",
        "content-security-policy-builder": "1.1.0",
        "dasherize": "2.0.0",
        "lodash.reduce": "4.6.0",
        "platform": "1.3.4"
      }
    },
    "hide-powered-by": {
      "version": "1.0.0",
      "resolved": "https://ci.dts.utah.gov/artifactory/api/npm/dts-npm/hide-powered-by/-/hide-powered-by-1.0.0.tgz",
      "integrity": "sha1-SoWtZYgfYoV/xwr3F0oRhNzM4ys="
    },
    "hpkp": {
      "version": "2.0.0",
      "resolved": "https://ci.dts.utah.gov/artifactory/api/npm/dts-npm/hpkp/-/hpkp-2.0.0.tgz",
      "integrity": "sha1-EOFCJk52IVpdMMROxD3mTe5tFnI="
    },
    "hsts": {
      "version": "2.1.0",
      "resolved": "https://ci.dts.utah.gov/artifactory/api/npm/dts-npm/hsts/-/hsts-2.1.0.tgz",
      "integrity": "sha1-y9bJGKI4X+4d1WgL+ys6GUwBIcw="
    },
    "ienoopen": {
      "version": "1.0.0",
      "resolved": "https://ci.dts.utah.gov/artifactory/api/npm/dts-npm/ienoopen/-/ienoopen-1.0.0.tgz",
      "integrity": "sha1-NGpCj0dKrI9QzzeE6i0PFvYr2ms="
    },
    "inherits": {
      "version": "2.0.3",
      "resolved": "https://ci.dts.utah.gov/artifactory/api/npm/dts-npm/inherits/-/inherits-2.0.3.tgz",
      "integrity": "sha1-Yzwsg+PaQqUC9SRmAiSA9CCCYd4="
    },
    "isarray": {
      "version": "1.0.0",
      "resolved": "https://ci.dts.utah.gov/artifactory/api/npm/dts-npm/isarray/-/isarray-1.0.0.tgz",
      "integrity": "sha1-u5NdSFgsuhaMBoNJV6VKPgcSTxE="
    },
    "lodash.reduce": {
      "version": "4.6.0",
      "resolved": "https://ci.dts.utah.gov/artifactory/api/npm/dts-npm/lodash.reduce/-/lodash.reduce-4.6.0.tgz",
      "integrity": "sha1-8atrg5KZrUj3hKu/R2WW8DuRTTs="
    },
    "merge-descriptors": {
      "version": "0.0.2",
      "resolved": "https://ci.dts.utah.gov/artifactory/api/npm/dts-npm/merge-descriptors/-/merge-descriptors-0.0.2.tgz",
      "integrity": "sha1-w2pSp4FDdRPFcnXzndnTF1FKyMc="
    },
    "methods": {
      "version": "0.1.0",
      "resolved": "https://ci.dts.utah.gov/artifactory/api/npm/dts-npm/methods/-/methods-0.1.0.tgz",
      "integrity": "sha1-M11Cnu/SG3us8unJIqjSvRSjDk8="
    },
    "mime": {
      "version": "1.2.11",
      "resolved": "https://ci.dts.utah.gov/artifactory/api/npm/dts-npm/mime/-/mime-1.2.11.tgz",
      "integrity": "sha1-WCA+7Ybjpe8XrtK32evUfwpg3RA="
    },
    "mongodb": {
      "version": "2.2.33",
      "resolved": "https://ci.dts.utah.gov/artifactory/api/npm/dts-npm/mongodb/-/mongodb-2.2.33.tgz",
      "integrity": "sha1-tTfEcdNKZlG0jzb9vyl1A0Dgi1A=",
      "requires": {
        "es6-promise": "3.2.1",
        "mongodb-core": "2.1.17",
        "readable-stream": "2.2.7"
      },
      "dependencies": {
        "readable-stream": {
          "version": "2.2.7",
          "resolved": "https://ci.dts.utah.gov/artifactory/api/npm/dts-npm/readable-stream/-/readable-stream-2.2.7.tgz",
          "integrity": "sha1-BwV6y+JGeyIELTb5jFrVBwVOlbE=",
          "requires": {
            "buffer-shims": "1.0.0",
            "core-util-is": "1.0.2",
            "inherits": "2.0.3",
            "isarray": "1.0.0",
            "process-nextick-args": "1.0.7",
            "string_decoder": "1.0.3",
            "util-deprecate": "1.0.2"
          }
        },
        "string_decoder": {
          "version": "1.0.3",
          "resolved": "https://ci.dts.utah.gov/artifactory/api/npm/dts-npm/string_decoder/-/string_decoder-1.0.3.tgz",
          "integrity": "sha1-D8Z9fBQYJd6UKC3VNr7GubzoYKs=",
          "requires": {
            "safe-buffer": "5.1.1"
          }
        }
      }
    },
    "mongodb-core": {
      "version": "2.1.17",
      "resolved": "https://ci.dts.utah.gov/artifactory/api/npm/dts-npm/mongodb-core/-/mongodb-core-2.1.17.tgz",
      "integrity": "sha1-pBizN6FKFJkPtRC5I97mqBMXPfg=",
      "requires": {
        "bson": "1.0.4",
        "require_optional": "1.0.1"
      }
    },
    "ms": {
      "version": "2.0.0",
      "resolved": "https://ci.dts.utah.gov/artifactory/api/npm/dts-npm/ms/-/ms-2.0.0.tgz",
      "integrity": "sha1-VgiurfwAvmwpAd9fmGF4jeDVl8g="
    },
    "mysql": {
      "version": "2.15.0",
      "resolved": "https://ci.dts.utah.gov/artifactory/api/npm/dts-npm/mysql/-/mysql-2.15.0.tgz",
      "integrity": "sha1-6haEEVY0Po8uR/yJhexBzdlXO1w=",
      "requires": {
        "bignumber.js": "4.0.4",
        "readable-stream": "2.3.3",
        "safe-buffer": "5.1.1",
        "sqlstring": "2.3.0"
      }
    },
    "negotiator": {
      "version": "0.3.0",
      "resolved": "https://ci.dts.utah.gov/artifactory/api/npm/dts-npm/negotiator/-/negotiator-0.3.0.tgz",
      "integrity": "sha1-cG1pLv7d9XTVfqn7GriaT6fuj2A="
    },
    "nocache": {
      "version": "2.0.0",
      "resolved": "https://ci.dts.utah.gov/artifactory/api/npm/dts-npm/nocache/-/nocache-2.0.0.tgz",
      "integrity": "sha1-ICtIAhoMTL3i34DeFaF0Q8i0OYA="
    },
    "object-assign": {
      "version": "4.1.1",
      "resolved": "https://ci.dts.utah.gov/artifactory/api/npm/dts-npm/object-assign/-/object-assign-4.1.1.tgz",
      "integrity": "sha1-IQmtx5ZYh8/AXLvUQsrIv7s2CGM="
    },
    "on-headers": {
      "version": "1.0.1",
      "resolved": "https://ci.dts.utah.gov/artifactory/api/npm/dts-npm/on-headers/-/on-headers-1.0.1.tgz",
      "integrity": "sha1-ko9dD0cNSTQmUepnlLCFfBAGk/c="
    },
    "parseurl": {
      "version": "1.0.1",
      "resolved": "https://ci.dts.utah.gov/artifactory/api/npm/dts-npm/parseurl/-/parseurl-1.0.1.tgz",
      "integrity": "sha1-Llfc5u/dN8NRhwEDCUTCK/OIt7Q="
    },
    "path-to-regexp": {
      "version": "0.1.2",
      "resolved": "https://ci.dts.utah.gov/artifactory/api/npm/dts-npm/path-to-regexp/-/path-to-regexp-0.1.2.tgz",
      "integrity": "sha1-mysVH5zDAYye6lDKlXKeBXgXErQ="
    },
    "platform": {
      "version": "1.3.4",
      "resolved": "https://ci.dts.utah.gov/artifactory/api/npm/dts-npm/platform/-/platform-1.3.4.tgz",
      "integrity": "sha1-bw+xftqqSPIUQrOpdcBjEw8cPr0="
    },
    "process-nextick-args": {
      "version": "1.0.7",
      "resolved": "https://ci.dts.utah.gov/artifactory/api/npm/dts-npm/process-nextick-args/-/process-nextick-args-1.0.7.tgz",
      "integrity": "sha1-FQ4gt1ZZCtP5EJPyWk8q2L/zC6M="
    },
    "qs": {
      "version": "0.6.6",
      "resolved": "https://ci.dts.utah.gov/artifactory/api/npm/dts-npm/qs/-/qs-0.6.6.tgz",
      "integrity": "sha1-bgFQmP9RlouKPIGQAdXyyJvEsQc="
    },
    "random-bytes": {
      "version": "1.0.0",
      "resolved": "https://ci.dts.utah.gov/artifactory/api/npm/dts-npm/random-bytes/-/random-bytes-1.0.0.tgz",
      "integrity": "sha1-T2ih3Arli9P7lYSMMDJNt11kNgs="
    },
    "range-parser": {
      "version": "1.0.0",
      "resolved": "https://ci.dts.utah.gov/artifactory/api/npm/dts-npm/range-parser/-/range-parser-1.0.0.tgz",
      "integrity": "sha1-pLJkz+C+XONqvjdlrJwqJIdG28A="
    },
    "raw-body": {
      "version": "1.1.7",
      "resolved": "https://ci.dts.utah.gov/artifactory/api/npm/dts-npm/raw-body/-/raw-body-1.1.7.tgz",
      "integrity": "sha1-HQJ8K/oRasxmI7yo8AAWVyqH1CU=",
      "requires": {
        "bytes": "1.0.0",
        "string_decoder": "0.10.31"
      }
    },
    "readable-stream": {
      "version": "2.3.3",
      "resolved": "https://ci.dts.utah.gov/artifactory/api/npm/dts-npm/readable-stream/-/readable-stream-2.3.3.tgz",
      "integrity": "sha1-No8lEtefnUb9/HE0mueHi7weuVw=",
      "requires": {
        "core-util-is": "1.0.2",
        "inherits": "2.0.3",
        "isarray": "1.0.0",
        "process-nextick-args": "1.0.7",
        "safe-buffer": "5.1.1",
        "string_decoder": "1.0.3",
        "util-deprecate": "1.0.2"
      },
      "dependencies": {
        "string_decoder": {
          "version": "1.0.3",
          "resolved": "https://ci.dts.utah.gov/artifactory/api/npm/dts-npm/string_decoder/-/string_decoder-1.0.3.tgz",
          "integrity": "sha1-D8Z9fBQYJd6UKC3VNr7GubzoYKs=",
          "requires": {
            "safe-buffer": "5.1.1"
          }
        }
      }
    },
    "referrer-policy": {
      "version": "1.1.0",
      "resolved": "https://ci.dts.utah.gov/artifactory/api/npm/dts-npm/referrer-policy/-/referrer-policy-1.1.0.tgz",
      "integrity": "sha1-NXdOtzW/UPtsB46DM0tHI1AgfXk="
    },
    "require_optional": {
      "version": "1.0.1",
      "resolved": "https://ci.dts.utah.gov/artifactory/api/npm/dts-npm/require_optional/-/require_optional-1.0.1.tgz",
      "integrity": "sha1-TPNaQkf2TKPfjC7yCMxJSxyo/C4=",
      "requires": {
        "resolve-from": "2.0.0",
        "semver": "5.4.1"
      }
    },
    "resolve-from": {
      "version": "2.0.0",
      "resolved": "https://ci.dts.utah.gov/artifactory/api/npm/dts-npm/resolve-from/-/resolve-from-2.0.0.tgz",
      "integrity": "sha1-lICrIOlP+h2egKgEx+oUdhGWa1c="
    },
    "safe-buffer": {
      "version": "5.1.1",
      "resolved": "https://ci.dts.utah.gov/artifactory/api/npm/dts-npm/safe-buffer/-/safe-buffer-5.1.1.tgz",
      "integrity": "sha1-iTMSr2myEj3vcfV4iQAWce6yyFM="
    },
    "semver": {
      "version": "5.4.1",
      "resolved": "https://ci.dts.utah.gov/artifactory/api/npm/dts-npm/semver/-/semver-5.4.1.tgz",
      "integrity": "sha1-4FnAnYVx8FQII3M0M1BdOi8AsY4="
    },
    "send": {
      "version": "0.2.0",
      "resolved": "https://ci.dts.utah.gov/artifactory/api/npm/dts-npm/send/-/send-0.2.0.tgz",
      "integrity": "sha1-Bnq/Rc/4v/spy9t0OXJbMjiKLFg=",
      "requires": {
        "debug": "0.8.1",
        "fresh": "0.2.2",
        "mime": "1.2.11",
        "range-parser": "1.0.0"
      }
    },
    "serve-static": {
      "version": "1.0.1",
      "resolved": "https://ci.dts.utah.gov/artifactory/api/npm/dts-npm/serve-static/-/serve-static-1.0.1.tgz",
      "integrity": "sha1-ENy/1Es+ApGhMfyatKslqfWnikI=",
      "requires": {
        "send": "0.1.4"
      },
      "dependencies": {
        "fresh": {
          "version": "0.2.0",
          "resolved": "https://ci.dts.utah.gov/artifactory/api/npm/dts-npm/fresh/-/fresh-0.2.0.tgz",
          "integrity": "sha1-v9lALPPfEsSkwxDHn5mj3eE9NKc="
        },
        "range-parser": {
          "version": "0.0.4",
          "resolved": "https://ci.dts.utah.gov/artifactory/api/npm/dts-npm/range-parser/-/range-parser-0.0.4.tgz",
          "integrity": "sha1-wEJ//vUcEKy6B4KkbJYC50T/Ygs="
        },
        "send": {
          "version": "0.1.4",
          "resolved": "https://ci.dts.utah.gov/artifactory/api/npm/dts-npm/send/-/send-0.1.4.tgz",
          "integrity": "sha1-vnDY0b4B3mGCGvE3gLUDRaT3Gr0=",
          "requires": {
            "debug": "0.8.1",
            "fresh": "0.2.0",
            "mime": "1.2.11",
            "range-parser": "0.0.4"
          }
        }
      }
    },
    "sqlstring": {
      "version": "2.3.0",
      "resolved": "https://ci.dts.utah.gov/artifactory/api/npm/dts-npm/sqlstring/-/sqlstring-2.3.0.tgz",
      "integrity": "sha1-UluKT9Jtb3GqYegipsr5dtMa0qg="
    },
    "string_decoder": {
      "version": "0.10.31",
      "resolved": "https://ci.dts.utah.gov/artifactory/api/npm/dts-npm/string_decoder/-/string_decoder-0.10.31.tgz",
      "integrity": "sha1-YuIDvEF2bGwoyfyEMB2rHFMQ+pQ="
    },
    "type-is": {
      "version": "1.1.0",
      "resolved": "https://ci.dts.utah.gov/artifactory/api/npm/dts-npm/type-is/-/type-is-1.1.0.tgz",
      "integrity": "sha1-0CReyLJnZmjVndDPMlUGBnalfbY=",
      "requires": {
        "mime": "1.2.11"
      }
    },
    "uid-safe": {
      "version": "2.1.5",
      "resolved": "https://ci.dts.utah.gov/artifactory/api/npm/dts-npm/uid-safe/-/uid-safe-2.1.5.tgz",
      "integrity": "sha1-Kz1cckDo/C5Y+Komnl7knAhXvTo=",
      "requires": {
        "random-bytes": "1.0.0"
      }
    },
    "util-deprecate": {
      "version": "1.0.2",
      "resolved": "https://ci.dts.utah.gov/artifactory/api/npm/dts-npm/util-deprecate/-/util-deprecate-1.0.2.tgz",
      "integrity": "sha1-RQ1Nyfpw3nMnYvvS1KKJgUGaDM8="
    },
    "utils-merge": {
      "version": "1.0.0",
      "resolved": "https://ci.dts.utah.gov/artifactory/api/npm/dts-npm/utils-merge/-/utils-merge-1.0.0.tgz",
      "integrity": "sha1-ApT7kiu5N1FTVBxPcJYjHyh8ivg="
    },
    "vary": {
      "version": "1.1.2",
      "resolved": "https://ci.dts.utah.gov/artifactory/api/npm/dts-npm/vary/-/vary-1.1.2.tgz",
      "integrity": "sha1-IpnwLG3tMNSllhsLn3RSShj2NPw="
    },
    "x-xss-protection": {
      "version": "1.0.0",
      "resolved": "https://ci.dts.utah.gov/artifactory/api/npm/dts-npm/x-xss-protection/-/x-xss-protection-1.0.0.tgz",
      "integrity": "sha1-iYr7k4abJGYc+cUvnujbjtB2Tdk="
    }
  }
}
